// !$*UTF8*$!
{
	archiveVersion = 1;
	classes = {
	};
	objectVersion = 48;
	objects = {

/* Begin PBXBuildFile section */
		A6DA967E2057FFB30072F166 /* AppDelegate.swift in Sources */ = {isa = PBXBuildFile; fileRef = A6DA967D2057FFB30072F166 /* AppDelegate.swift */; };
		A6DA96802057FFB30072F166 /* ViewController.swift in Sources */ = {isa = PBXBuildFile; fileRef = A6DA967F2057FFB30072F166 /* ViewController.swift */; };
		A6DA96832057FFB30072F166 /* Main.storyboard in Resources */ = {isa = PBXBuildFile; fileRef = A6DA96812057FFB30072F166 /* Main.storyboard */; };
		A6DA96852057FFB30072F166 /* Assets.xcassets in Resources */ = {isa = PBXBuildFile; fileRef = A6DA96842057FFB30072F166 /* Assets.xcassets */; };
		A6DA96882057FFB30072F166 /* LaunchScreen.storyboard in Resources */ = {isa = PBXBuildFile; fileRef = A6DA96862057FFB30072F166 /* LaunchScreen.storyboard */; };
		A6DA9691205800E10072F166 /* ExternalAccessory.framework in Frameworks */ = {isa = PBXBuildFile; fileRef = A6DA9690205800E10072F166 /* ExternalAccessory.framework */; };
/* End PBXBuildFile section */

/* Begin PBXFileReference section */
		A6DA967A2057FFB30072F166 /* BleApp.app */ = {isa = PBXFileReference; explicitFileType = wrapper.application; includeInIndex = 0; path = BleApp.app; sourceTree = BUILT_PRODUCTS_DIR; };
		A6DA967D2057FFB30072F166 /* AppDelegate.swift */ = {isa = PBXFileReference; lastKnownFileType = sourcecode.swift; path = AppDelegate.swift; sourceTree = "<group>"; };
		A6DA967F2057FFB30072F166 /* ViewController.swift */ = {isa = PBXFileReference; lastKnownFileType = sourcecode.swift; path = ViewController.swift; sourceTree = "<group>"; };
		A6DA96822057FFB30072F166 /* Base */ = {isa = PBXFileReference; lastKnownFileType = file.storyboard; name = Base; path = Base.lproj/Main.storyboard; sourceTree = "<group>"; };
		A6DA96842057FFB30072F166 /* Assets.xcassets */ = {isa = PBXFileReference; lastKnownFileType = folder.assetcatalog; path = Assets.xcassets; sourceTree = "<group>"; };
		A6DA96872057FFB30072F166 /* Base */ = {isa = PBXFileReference; lastKnownFileType = file.storyboard; name = Base; path = Base.lproj/LaunchScreen.storyboard; sourceTree = "<group>"; };
		A6DA96892057FFB30072F166 /* Info.plist */ = {isa = PBXFileReference; lastKnownFileType = text.plist.xml; path = Info.plist; sourceTree = "<group>"; };
		A6DA9690205800E10072F166 /* ExternalAccessory.framework */ = {isa = PBXFileReference; lastKnownFileType = wrapper.framework; name = ExternalAccessory.framework; path = System/Library/Frameworks/ExternalAccessory.framework; sourceTree = SDKROOT; };
		A6DA9692205800E10072F166 /* BleApp.entitlements */ = {isa = PBXFileReference; lastKnownFileType = text.plist.entitlements; path = BleApp.entitlements; sourceTree = "<group>"; };
/* End PBXFileReference section */

/* Begin PBXFrameworksBuildPhase section */
		A6DA96772057FFB30072F166 /* Frameworks */ = {
			isa = PBXFrameworksBuildPhase;
			buildActionMask = 2147483647;
			files = (
				A6DA9691205800E10072F166 /* ExternalAccessory.framework in Frameworks */,
			);
			runOnlyForDeploymentPostprocessing = 0;
		};
/* End PBXFrameworksBuildPhase section */

/* Begin PBXGroup section */
		A6DA96712057FFB30072F166 = {
			isa = PBXGroup;
			children = (
				A6DA967C2057FFB30072F166 /* BleApp */,
				A6DA967B2057FFB30072F166 /* Products */,
				A6DA968F205800E10072F166 /* Frameworks */,
			);
			sourceTree = "<group>";
		};
		A6DA967B2057FFB30072F166 /* Products */ = {
			isa = PBXGroup;
			children = (
				A6DA967A2057FFB30072F166 /* BleApp.app */,
			);
			name = Products;
			sourceTree = "<group>";
		};
		A6DA967C2057FFB30072F166 /* BleApp */ = {
			isa = PBXGroup;
			children = (
				A6DA9692205800E10072F166 /* BleApp.entitlements */,
				A6DA967D2057FFB30072F166 /* AppDelegate.swift */,
				A6DA967F2057FFB30072F166 /* ViewController.swift */,
				A6DA96812057FFB30072F166 /* Main.storyboard */,
				A6DA96842057FFB30072F166 /* Assets.xcassets */,
				A6DA96862057FFB30072F166 /* LaunchScreen.storyboard */,
				A6DA96892057FFB30072F166 /* Info.plist */,
			);
			path = BleApp;
			sourceTree = "<group>";
		};
		A6DA968F205800E10072F166 /* Frameworks */ = {
			isa = PBXGroup;
			children = (
				A6DA9690205800E10072F166 /* ExternalAccessory.framework */,
			);
			name = Frameworks;
			sourceTree = "<group>";
		};
/* End PBXGroup section */

/* Begin PBXNativeTarget section */
		A6DA96792057FFB30072F166 /* BleApp */ = {
			isa = PBXNativeTarget;
			buildConfigurationList = A6DA968C2057FFB30072F166 /* Build configuration list for PBXNativeTarget "BleApp" */;
			buildPhases = (
				A6DA96762057FFB30072F166 /* Sources */,
				A6DA96772057FFB30072F166 /* Frameworks */,
				A6DA96782057FFB30072F166 /* Resources */,
			);
			buildRules = (
			);
			dependencies = (
			);
			name = BleApp;
			productName = BleApp;
			productReference = A6DA967A2057FFB30072F166 /* BleApp.app */;
			productType = "com.apple.product-type.application";
		};
/* End PBXNativeTarget section */

/* Begin PBXProject section */
		A6DA96722057FFB30072F166 /* Project object */ = {
			isa = PBXProject;
			attributes = {
				LastSwiftUpdateCheck = 0920;
				LastUpgradeCheck = 0920;
				ORGANIZATIONNAME = "Krister Sigvaldsen Moen";
				TargetAttributes = {
					A6DA96792057FFB30072F166 = {
						CreatedOnToolsVersion = 9.2;
						ProvisioningStyle = Automatic;
						SystemCapabilities = {
							com.apple.BackgroundModes = {
								enabled = 1;
							};
							com.apple.WAC = {
								enabled = 1;
							};
						};
					};
				};
			};
			buildConfigurationList = A6DA96752057FFB30072F166 /* Build configuration list for PBXProject "BleApp" */;
			compatibilityVersion = "Xcode 8.0";
			developmentRegion = en;
			hasScannedForEncodings = 0;
			knownRegions = (
				en,
				Base,
			);
			mainGroup = A6DA96712057FFB30072F166;
			productRefGroup = A6DA967B2057FFB30072F166 /* Products */;
			projectDirPath = "";
			projectRoot = "";
			targets = (
				A6DA96792057FFB30072F166 /* BleApp */,
			);
		};
/* End PBXProject section */

/* Begin PBXResourcesBuildPhase section */
		A6DA96782057FFB30072F166 /* Resources */ = {
			isa = PBXResourcesBuildPhase;
			buildActionMask = 2147483647;
			files = (
				A6DA96882057FFB30072F166 /* LaunchScreen.storyboard in Resources */,
				A6DA96852057FFB30072F166 /* Assets.xcassets in Resources */,
				A6DA96832057FFB30072F166 /* Main.storyboard in Resources */,
			);
			runOnlyForDeploymentPostprocessing = 0;
		};
/* End PBXResourcesBuildPhase section */

/* Begin PBXSourcesBuildPhase section */
		A6DA96762057FFB30072F166 /* Sources */ = {
			isa = PBXSourcesBuildPhase;
			buildActionMask = 2147483647;
			files = (
				A6DA96802057FFB30072F166 /* ViewController.swift in Sources */,
				A6DA967E2057FFB30072F166 /* AppDelegate.swift in Sources */,
			);
			runOnlyForDeploymentPostprocessing = 0;
		};
/* End PBXSourcesBuildPhase section */

/* Begin PBXVariantGroup section */
		A6DA96812057FFB30072F166 /* Main.storyboard */ = {
			isa = PBXVariantGroup;
			children = (
				A6DA96822057FFB30072F166 /* Base */,
			);
			name = Main.storyboard;
			sourceTree = "<group>";
		};
		A6DA96862057FFB30072F166 /* LaunchScreen.storyboard */ = {
			isa = PBXVariantGroup;
			children = (
				A6DA96872057FFB30072F166 /* Base */,
			);
			name = LaunchScreen.storyboard;
			sourceTree = "<group>";
		};
/* End PBXVariantGroup section */

/* Begin XCBuildConfiguration section */
		A6DA968A2057FFB30072F166 /* Debug */ = {
			isa = XCBuildConfiguration;
			buildSettings = {
				ALWAYS_SEARCH_USER_PATHS = NO;
				CLANG_ANALYZER_NONNULL = YES;
				CLANG_ANALYZER_NUMBER_OBJECT_CONVERSION = YES_AGGRESSIVE;
				CLANG_CXX_LANGUAGE_STANDARD = "gnu++14";
				CLANG_CXX_LIBRARY = "libc++";
				CLANG_ENABLE_MODULES = YES;
				CLANG_ENABLE_OBJC_ARC = YES;
				CLANG_WARN_BLOCK_CAPTURE_AUTORELEASING = YES;
				CLANG_WARN_BOOL_CONVERSION = YES;
				CLANG_WARN_COMMA = YES;
				CLANG_WARN_CONSTANT_CONVERSION = YES;
				CLANG_WARN_DIRECT_OBJC_ISA_USAGE = YES_ERROR;
				CLANG_WARN_DOCUMENTATION_COMMENTS = YES;
				CLANG_WARN_EMPTY_BODY = YES;
				CLANG_WARN_ENUM_CONVERSION = YES;
				CLANG_WARN_INFINITE_RECURSION = YES;
				CLANG_WARN_INT_CONVERSION = YES;
				CLANG_WARN_NON_LITERAL_NULL_CONVERSION = YES;
				CLANG_WARN_OBJC_LITERAL_CONVERSION = YES;
				CLANG_WARN_OBJC_ROOT_CLASS = YES_ERROR;
				CLANG_WARN_RANGE_LOOP_ANALYSIS = YES;
				CLANG_WARN_STRICT_PROTOTYPES = YES;
				CLANG_WARN_SUSPICIOUS_MOVE = YES;
				CLANG_WARN_UNGUARDED_AVAILABILITY = YES_AGGRESSIVE;
				CLANG_WARN_UNREACHABLE_CODE = YES;
				CLANG_WARN__DUPLICATE_METHOD_MATCH = YES;
				CODE_SIGN_IDENTITY = "iPhone Developer";
				COPY_PHASE_STRIP = NO;
				DEBUG_INFORMATION_FORMAT = dwarf;
				ENABLE_STRICT_OBJC_MSGSEND = YES;
				ENABLE_TESTABILITY = YES;
				GCC_C_LANGUAGE_STANDARD = gnu11;
				GCC_DYNAMIC_NO_PIC = NO;
				GCC_NO_COMMON_BLOCKS = YES;
				GCC_OPTIMIZATION_LEVEL = 0;
				GCC_PREPROCESSOR_DEFINITIONS = (
					"DEBUG=1",
					"$(inherited)",
				);
				GCC_WARN_64_TO_32_BIT_CONVERSION = YES;
				GCC_WARN_ABOUT_RETURN_TYPE = YES_ERROR;
				GCC_WARN_UNDECLARED_SELECTOR = YES;
				GCC_WARN_UNINITIALIZED_AUTOS = YES_AGGRESSIVE;
				GCC_WARN_UNUSED_FUNCTION = YES;
				GCC_WARN_UNUSED_VARIABLE = YES;
				IPHONEOS_DEPLOYMENT_TARGET = 11.2;
				MTL_ENABLE_DEBUG_INFO = YES;
				ONLY_ACTIVE_ARCH = YES;
				SDKROOT = iphoneos;
				SWIFT_ACTIVE_COMPILATION_CONDITIONS = DEBUG;
				SWIFT_OPTIMIZATION_LEVEL = "-Onone";
			};
			name = Debug;
		};
		A6DA968B2057FFB30072F166 /* Release */ = {
			isa = XCBuildConfiguration;
			buildSettings = {
				ALWAYS_SEARCH_USER_PATHS = NO;
				CLANG_ANALYZER_NONNULL = YES;
				CLANG_ANALYZER_NUMBER_OBJECT_CONVERSION = YES_AGGRESSIVE;
				CLANG_CXX_LANGUAGE_STANDARD = "gnu++14";
				CLANG_CXX_LIBRARY = "libc++";
				CLANG_ENABLE_MODULES = YES;
				CLANG_ENABLE_OBJC_ARC = YES;
				CLANG_WARN_BLOCK_CAPTURE_AUTORELEASING = YES;
				CLANG_WARN_BOOL_CONVERSION = YES;
				CLANG_WARN_COMMA = YES;
				CLANG_WARN_CONSTANT_CONVERSION = YES;
				CLANG_WARN_DIRECT_OBJC_ISA_USAGE = YES_ERROR;
				CLANG_WARN_DOCUMENTATION_COMMENTS = YES;
				CLANG_WARN_EMPTY_BODY = YES;
				CLANG_WARN_ENUM_CONVERSION = YES;
				CLANG_WARN_INFINITE_RECURSION = YES;
				CLANG_WARN_INT_CONVERSION = YES;
				CLANG_WARN_NON_LITERAL_NULL_CONVERSION = YES;
				CLANG_WARN_OBJC_LITERAL_CONVERSION = YES;
				CLANG_WARN_OBJC_ROOT_CLASS = YES_ERROR;
				CLANG_WARN_RANGE_LOOP_ANALYSIS = YES;
				CLANG_WARN_STRICT_PROTOTYPES = YES;
				CLANG_WARN_SUSPICIOUS_MOVE = YES;
				CLANG_WARN_UNGUARDED_AVAILABILITY = YES_AGGRESSIVE;
				CLANG_WARN_UNREACHABLE_CODE = YES;
				CLANG_WARN__DUPLICATE_METHOD_MATCH = YES;
				CODE_SIGN_IDENTITY = "iPhone Developer";
				COPY_PHASE_STRIP = NO;
				DEBUG_INFORMATION_FORMAT = "dwarf-with-dsym";
				ENABLE_NS_ASSERTIONS = NO;
				ENABLE_STRICT_OBJC_MSGSEND = YES;
				GCC_C_LANGUAGE_STANDARD = gnu11;
				GCC_NO_COMMON_BLOCKS = YES;
				GCC_WARN_64_TO_32_BIT_CONVERSION = YES;
				GCC_WARN_ABOUT_RETURN_TYPE = YES_ERROR;
				GCC_WARN_UNDECLARED_SELECTOR = YES;
				GCC_WARN_UNINITIALIZED_AUTOS = YES_AGGRESSIVE;
				GCC_WARN_UNUSED_FUNCTION = YES;
				GCC_WARN_UNUSED_VARIABLE = YES;
				IPHONEOS_DEPLOYMENT_TARGET = 11.2;
				MTL_ENABLE_DEBUG_INFO = NO;
				SDKROOT = iphoneos;
				SWIFT_OPTIMIZATION_LEVEL = "-Owholemodule";
				VALIDATE_PRODUCT = YES;
			};
			name = Release;
		};
		A6DA968D2057FFB30072F166 /* Debug */ = {
			isa = XCBuildConfiguration;
			buildSettings = {
				ASSETCATALOG_COMPILER_APPICON_NAME = AppIcon;
				CODE_SIGN_ENTITLEMENTS = BleApp/BleApp.entitlements;
				CODE_SIGN_STYLE = Automatic;
				DEVELOPMENT_TEAM = 93X68Y5D2N;
				INFOPLIST_FILE = BleApp/Info.plist;
				LD_RUNPATH_SEARCH_PATHS = "$(inherited) @executable_path/Frameworks";
				PRODUCT_BUNDLE_IDENTIFIER = privat.moen.BleApp;
				PRODUCT_NAME = "$(TARGET_NAME)";
				SWIFT_VERSION = 4.0;
				TARGETED_DEVICE_FAMILY = "1,2";
			};
			name = Debug;
		};
		A6DA968E2057FFB30072F166 /* Release */ = {
			isa = XCBuildConfiguration;
			buildSettings = {
				ASSETCATALOG_COMPILER_APPICON_NAME = AppIcon;
				CODE_SIGN_ENTITLEMENTS = BleApp/BleApp.entitlements;
				CODE_SIGN_STYLE = Automatic;
				DEVELOPMENT_TEAM = 93X68Y5D2N;
				INFOPLIST_FILE = BleApp/Info.plist;
				LD_RUNPATH_SEARCH_PATHS = "$(inherited) @executable_path/Frameworks";
				PRODUCT_BUNDLE_IDENTIFIER = privat.moen.BleApp;
				PRODUCT_NAME = "$(TARGET_NAME)";
				SWIFT_VERSION = 4.0;
				TARGETED_DEVICE_FAMILY = "1,2";
			};
			name = Release;
		};
/* End XCBuildConfiguration section */

/* Begin XCConfigurationList section */
		A6DA96752057FFB30072F166 /* Build configuration list for PBXProject "BleApp" */ = {
			isa = XCConfigurationList;
			buildConfigurations = (
				A6DA968A2057FFB30072F166 /* Debug */,
				A6DA968B2057FFB30072F166 /* Release */,
			);
			defaultConfigurationIsVisible = 0;
			defaultConfigurationName = Release;
		};
		A6DA968C2057FFB30072F166 /* Build configuration list for PBXNativeTarget "BleApp" */ = {
			isa = XCConfigurationList;
			buildConfigurations = (
				A6DA968D2057FFB30072F166 /* Debug */,
				A6DA968E2057FFB30072F166 /* Release */,
			);
			defaultConfigurationIsVisible = 0;
			defaultConfigurationName = Release;
		};
/* End XCConfigurationList section */
	};
	rootObject = A6DA96722057FFB30072F166 /* Project object */;
}
